
Microsoft Visual Studio Solution File, Format Version 12.00
# Visual Studio Version 17
VisualStudioVersion = 17.13.35931.197 d17.13
MinimumVisualStudioVersion = 10.0.40219.1
Project("{FAE04EC0-301F-11D3-BF4B-00C04F79EFBC}") = "HtmlRenderAPI", "HtmlRenderAPI\HtmlRenderAPI.csproj", "{C09393E0-6515-4D53-98D9-D4AEEB7D5EF2}"
EndProject
Global
	GlobalSection(SolutionConfigurationPlatforms) = preSolution
		Debug|Any CPU = Debug|Any CPU
		Release|Any CPU = Release|Any CPU
	EndGlobalSection
	GlobalSection(ProjectConfigurationPlatforms) = postSolution
		{C09393E0-6515-4D53-98D9-D4AEEB7D5EF2}.Debug|Any CPU.ActiveCfg = Debug|Any CPU
		{C09393E0-6515-4D53-98D9-D4AEEB7D5EF2}.Debug|Any CPU.Build.0 = Debug|Any CPU
		{C09393E0-6515-4D53-98D9-D4AEEB7D5EF2}.Release|Any CPU.ActiveCfg = Release|Any CPU
		{C09393E0-6515-4D53-98D9-D4AEEB7D5EF2}.Release|Any CPU.Build.0 = Release|Any CPU
	EndGlobalSection
	GlobalSection(SolutionProperties) = preSolution
		HideSolutionNode = FALSE
	EndGlobalSection
	GlobalSection(ExtensibilityGlobals) = postSolution
		SolutionGuid = {1D36B582-3C80-424C-99A6-618257B6FFD7}
	EndGlobalSection
EndGlobal
